
Microsoft Visual Studio Solution File, Format Version 12.00
# Visual Studio 15
VisualStudioVersion = 15.0.26730.16
MinimumVisualStudioVersion = 10.0.40219.1
Project("{FAE04EC0-301F-11D3-BF4B-00C04F79EFBC}") = "TelerikMvcApp10", "TelerikMvcApp10\TelerikMvcApp10.csproj", "{3AE701CA-32A3-47CE-BF90-E53B25E05FFF}"
EndProject
Global
	GlobalSection(SolutionConfigurationPlatforms) = preSolution
		Debug|Any CPU = Debug|Any CPU
		Release|Any CPU = Release|Any CPU
	EndGlobalSection
	GlobalSection(ProjectConfigurationPlatforms) = postSolution
		{3AE701CA-32A3-47CE-BF90-E53B25E05FFF}.Debug|Any CPU.ActiveCfg = Debug|Any CPU
		{3AE701CA-32A3-47CE-BF90-E53B25E05FFF}.Debug|Any CPU.Build.0 = Debug|Any CPU
		{3AE701CA-32A3-47CE-BF90-E53B25E05FFF}.Release|Any CPU.ActiveCfg = Release|Any CPU
		{3AE701CA-32A3-47CE-BF90-E53B25E05FFF}.Release|Any CPU.Build.0 = Release|Any CPU
	EndGlobalSection
	GlobalSection(SolutionProperties) = preSolution
		HideSolutionNode = FALSE
	EndGlobalSection
	GlobalSection(ExtensibilityGlobals) = postSolution
		SolutionGuid = {86CDBC73-1368-471F-AFC2-2469422052EB}
	EndGlobalSection
EndGlobal
